
Microsoft Visual Studio Solution File, Format Version 12.00
# Visual Studio Version 17
VisualStudioVersion = 17.11.35222.181
MinimumVisualStudioVersion = 10.0.40219.1
Project("{F184B08F-C81C-45F6-A57F-5ABD9991F28F}") = "WebClient", "WebClient\WebClient.vbproj", "{6FBEC0D2-C4EB-44E7-B5E7-7AA76A185022}"
EndProject
Project("{F184B08F-C81C-45F6-A57F-5ABD9991F28F}") = "WebAdmin", "WebAdmin\WebAdmin.vbproj", "{6C2C2996-32D1-47B5-8B78-F21170F776EE}"
EndProject
Project("{F184B08F-C81C-45F6-A57F-5ABD9991F28F}") = "WebApi", "WebApi\WebApi.vbproj", "{A5B3D6C6-4CB7-4DB4-9A67-8856AB26BF5A}"
EndProject
Project("{F184B08F-C81C-45F6-A57F-5ABD9991F28F}") = "Models", "Models\Models.vbproj", "{F266912E-909D-4891-8EB9-9C4EE0CFA961}"
EndProject
Project("{F184B08F-C81C-45F6-A57F-5ABD9991F28F}") = "DatabaseConnection", "DatabaseConnection\DatabaseConnection.vbproj", "{E0993C6B-16E7-4B29-AD63-943C5E596DDC}"
EndProject
Project("{F184B08F-C81C-45F6-A57F-5ABD9991F28F}") = "WebHooK", "WebHooK\WebHooK.vbproj", "{D7BE4F36-25AA-49D0-AADC-E16F488FD477}"
EndProject
Global
	GlobalSection(SolutionConfigurationPlatforms) = preSolution
		Debug|Any CPU = Debug|Any CPU
		Release|Any CPU = Release|Any CPU
	EndGlobalSection
	GlobalSection(ProjectConfigurationPlatforms) = postSolution
		{6FBEC0D2-C4EB-44E7-B5E7-7AA76A185022}.Debug|Any CPU.ActiveCfg = Debug|Any CPU
		{6FBEC0D2-C4EB-44E7-B5E7-7AA76A185022}.Debug|Any CPU.Build.0 = Debug|Any CPU
		{6FBEC0D2-C4EB-44E7-B5E7-7AA76A185022}.Release|Any CPU.ActiveCfg = Release|Any CPU
		{6FBEC0D2-C4EB-44E7-B5E7-7AA76A185022}.Release|Any CPU.Build.0 = Release|Any CPU
		{6C2C2996-32D1-47B5-8B78-F21170F776EE}.Debug|Any CPU.ActiveCfg = Debug|Any CPU
		{6C2C2996-32D1-47B5-8B78-F21170F776EE}.Debug|Any CPU.Build.0 = Debug|Any CPU
		{6C2C2996-32D1-47B5-8B78-F21170F776EE}.Release|Any CPU.ActiveCfg = Release|Any CPU
		{6C2C2996-32D1-47B5-8B78-F21170F776EE}.Release|Any CPU.Build.0 = Release|Any CPU
		{A5B3D6C6-4CB7-4DB4-9A67-8856AB26BF5A}.Debug|Any CPU.ActiveCfg = Debug|Any CPU
		{A5B3D6C6-4CB7-4DB4-9A67-8856AB26BF5A}.Debug|Any CPU.Build.0 = Debug|Any CPU
		{A5B3D6C6-4CB7-4DB4-9A67-8856AB26BF5A}.Release|Any CPU.ActiveCfg = Release|Any CPU
		{A5B3D6C6-4CB7-4DB4-9A67-8856AB26BF5A}.Release|Any CPU.Build.0 = Release|Any CPU
		{F266912E-909D-4891-8EB9-9C4EE0CFA961}.Debug|Any CPU.ActiveCfg = Debug|Any CPU
		{F266912E-909D-4891-8EB9-9C4EE0CFA961}.Debug|Any CPU.Build.0 = Debug|Any CPU
		{F266912E-909D-4891-8EB9-9C4EE0CFA961}.Release|Any CPU.ActiveCfg = Release|Any CPU
		{F266912E-909D-4891-8EB9-9C4EE0CFA961}.Release|Any CPU.Build.0 = Release|Any CPU
		{E0993C6B-16E7-4B29-AD63-943C5E596DDC}.Debug|Any CPU.ActiveCfg = Debug|Any CPU
		{E0993C6B-16E7-4B29-AD63-943C5E596DDC}.Debug|Any CPU.Build.0 = Debug|Any CPU
		{E0993C6B-16E7-4B29-AD63-943C5E596DDC}.Release|Any CPU.ActiveCfg = Release|Any CPU
		{E0993C6B-16E7-4B29-AD63-943C5E596DDC}.Release|Any CPU.Build.0 = Release|Any CPU
		{D7BE4F36-25AA-49D0-AADC-E16F488FD477}.Debug|Any CPU.ActiveCfg = Debug|Any CPU
		{D7BE4F36-25AA-49D0-AADC-E16F488FD477}.Debug|Any CPU.Build.0 = Debug|Any CPU
		{D7BE4F36-25AA-49D0-AADC-E16F488FD477}.Release|Any CPU.ActiveCfg = Release|Any CPU
		{D7BE4F36-25AA-49D0-AADC-E16F488FD477}.Release|Any CPU.Build.0 = Release|Any CPU
	EndGlobalSection
	GlobalSection(SolutionProperties) = preSolution
		HideSolutionNode = FALSE
	EndGlobalSection
	GlobalSection(ExtensibilityGlobals) = postSolution
		SolutionGuid = {5393D72E-87BE-49ED-A958-B4167F047008}
	EndGlobalSection
EndGlobal
